
Microsoft Visual Studio Solution File, Format Version 12.00
# Visual Studio Version 17
VisualStudioVersion = 17.3.32804.467
MinimumVisualStudioVersion = 10.0.40219.1
Project("{FAE04EC0-301F-11D3-BF4B-00C04F79EFBC}") = "Core", "Core\Core.csproj", "{6872A710-1B79-4E4C-A056-B65F21B605C2}"
EndProject
Project("{FAE04EC0-301F-11D3-BF4B-00C04F79EFBC}") = "DataAccess", "DataAccess\DataAccess.csproj", "{FBA7CC9D-A846-40FB-8BBC-F3E8B18EC655}"
EndProject
Project("{FAE04EC0-301F-11D3-BF4B-00C04F79EFBC}") = "Business", "Business\Business.csproj", "{94BE0B20-3757-439B-ADC2-D1548381B087}"
EndProject
Project("{FAE04EC0-301F-11D3-BF4B-00C04F79EFBC}") = "Entities", "Entities\Entities.csproj", "{ECE61814-81AB-4AD6-A164-B73E6E36E547}"
EndProject
Project("{FAE04EC0-301F-11D3-BF4B-00C04F79EFBC}") = "WebAPI", "WebAPI\WebAPI.csproj", "{7CB05DCC-573C-4ECB-8726-104F0E079FE5}"
EndProject
Global
	GlobalSection(SolutionConfigurationPlatforms) = preSolution
		Debug|Any CPU = Debug|Any CPU
		Release|Any CPU = Release|Any CPU
	EndGlobalSection
	GlobalSection(ProjectConfigurationPlatforms) = postSolution
		{6872A710-1B79-4E4C-A056-B65F21B605C2}.Debug|Any CPU.ActiveCfg = Debug|Any CPU
		{6872A710-1B79-4E4C-A056-B65F21B605C2}.Debug|Any CPU.Build.0 = Debug|Any CPU
		{6872A710-1B79-4E4C-A056-B65F21B605C2}.Release|Any CPU.ActiveCfg = Release|Any CPU
		{6872A710-1B79-4E4C-A056-B65F21B605C2}.Release|Any CPU.Build.0 = Release|Any CPU
		{FBA7CC9D-A846-40FB-8BBC-F3E8B18EC655}.Debug|Any CPU.ActiveCfg = Debug|Any CPU
		{FBA7CC9D-A846-40FB-8BBC-F3E8B18EC655}.Debug|Any CPU.Build.0 = Debug|Any CPU
		{FBA7CC9D-A846-40FB-8BBC-F3E8B18EC655}.Release|Any CPU.ActiveCfg = Release|Any CPU
		{FBA7CC9D-A846-40FB-8BBC-F3E8B18EC655}.Release|Any CPU.Build.0 = Release|Any CPU
		{94BE0B20-3757-439B-ADC2-D1548381B087}.Debug|Any CPU.ActiveCfg = Debug|Any CPU
		{94BE0B20-3757-439B-ADC2-D1548381B087}.Debug|Any CPU.Build.0 = Debug|Any CPU
		{94BE0B20-3757-439B-ADC2-D1548381B087}.Release|Any CPU.ActiveCfg = Release|Any CPU
		{94BE0B20-3757-439B-ADC2-D1548381B087}.Release|Any CPU.Build.0 = Release|Any CPU
		{ECE61814-81AB-4AD6-A164-B73E6E36E547}.Debug|Any CPU.ActiveCfg = Debug|Any CPU
		{ECE61814-81AB-4AD6-A164-B73E6E36E547}.Debug|Any CPU.Build.0 = Debug|Any CPU
		{ECE61814-81AB-4AD6-A164-B73E6E36E547}.Release|Any CPU.ActiveCfg = Release|Any CPU
		{ECE61814-81AB-4AD6-A164-B73E6E36E547}.Release|Any CPU.Build.0 = Release|Any CPU
		{7CB05DCC-573C-4ECB-8726-104F0E079FE5}.Debug|Any CPU.ActiveCfg = Debug|Any CPU
		{7CB05DCC-573C-4ECB-8726-104F0E079FE5}.Debug|Any CPU.Build.0 = Debug|Any CPU
		{7CB05DCC-573C-4ECB-8726-104F0E079FE5}.Release|Any CPU.ActiveCfg = Release|Any CPU
		{7CB05DCC-573C-4ECB-8726-104F0E079FE5}.Release|Any CPU.Build.0 = Release|Any CPU
	EndGlobalSection
	GlobalSection(SolutionProperties) = preSolution
		HideSolutionNode = FALSE
	EndGlobalSection
	GlobalSection(ExtensibilityGlobals) = postSolution
		SolutionGuid = {508587CD-F180-4620-AE25-BEFCFBDAC879}
	EndGlobalSection
EndGlobal
